// !$*UTF8*$!
{
	archiveVersion = 1;
	classes = {
	};
	objectVersion = 77;
	objects = {

/* Begin PBXContainerItemProxy section */
		ED8A71DB2FAA3857003F48FF /* PBXContainerItemProxy */ = {
			isa = PBXContainerItemProxy;
			containerPortal = ED8A71C12FAA3855003F48FF /* Project object */;
			proxyType = 1;
			remoteGlobalIDString = ED8A71C82FAA3855003F48FF;
			remoteInfo = "Agenic Load-Balancer";
		};
		ED8A71E52FAA3857003F48FF /* PBXContainerItemProxy */ = {
			isa = PBXContainerItemProxy;
			containerPortal = ED8A71C12FAA3855003F48FF /* Project object */;
			proxyType = 1;
			remoteGlobalIDString = ED8A71C82FAA3855003F48FF;
			remoteInfo = "Agenic Load-Balancer";
		};
/* End PBXContainerItemProxy section */

/* Begin PBXFileReference section */
		ED8A71C92FAA3855003F48FF /* Agenic Load-Balancer.app */ = {isa = PBXFileReference; explicitFileType = wrapper.application; includeInIndex = 0; path = "Agenic Load-Balancer.app"; sourceTree = BUILT_PRODUCTS_DIR; };
		ED8A71DA2FAA3857003F48FF /* Agenic Load-BalancerTests.xctest */ = {isa = PBXFileReference; explicitFileType = wrapper.cfbundle; includeInIndex = 0; path = "Agenic Load-BalancerTests.xctest"; sourceTree = BUILT_PRODUCTS_DIR; };
		ED8A71E42FAA3857003F48FF /* Agenic Load-BalancerUITests.xctest */ = {isa = PBXFileReference; explicitFileType = wrapper.cfbundle; includeInIndex = 0; path = "Agenic Load-BalancerUITests.xctest"; sourceTree = BUILT_PRODUCTS_DIR; };
/* End PBXFileReference section */

/* Begin PBXFileSystemSynchronizedBuildFileExceptionSet section */
		ED8A71EC2FAA3857003F48FF /* Exceptions for "Agenic Load-Balancer" folder in "Agenic Load-Balancer" target */ = {
			isa = PBXFileSystemSynchronizedBuildFileExceptionSet;
			membershipExceptions = (
				Info.plist,
			);
			target = ED8A71C82FAA3855003F48FF /* Agenic Load-Balancer */;
		};
/* End PBXFileSystemSynchronizedBuildFileExceptionSet section */

/* Begin PBXFileSystemSynchronizedRootGroup section */
		ED8A71CB2FAA3855003F48FF /* Agenic Load-Balancer */ = {
			isa = PBXFileSystemSynchronizedRootGroup;
			exceptions = (
				ED8A71EC2FAA3857003F48FF /* Exceptions for "Agenic Load-Balancer" folder in "Agenic Load-Balancer" target */,
			);
			path = "Agenic Load-Balancer";
			sourceTree = "<group>";
		};
		ED8A71DD2FAA3857003F48FF /* Agenic Load-BalancerTests */ = {
			isa = PBXFileSystemSynchronizedRootGroup;
			path = "Agenic Load-BalancerTests";
			sourceTree = "<group>";
		};
		ED8A71E72FAA3857003F48FF /* Agenic Load-BalancerUITests */ = {
			isa = PBXFileSystemSynchronizedRootGroup;
			path = "Agenic Load-BalancerUITests";
			sourceTree = "<group>";
		};
/* End PBXFileSystemSynchronizedRootGroup section */

/* Begin PBXFrameworksBuildPhase section */
		ED8A71C62FAA3855003F48FF /* Frameworks */ = {
			isa = PBXFrameworksBuildPhase;
			buildActionMask = 2147483647;
			files = (
			);
			runOnlyForDeploymentPostprocessing = 0;
		};
		ED8A71D72FAA3857003F48FF /* Frameworks */ = {
			isa = PBXFrameworksBuildPhase;
			buildActionMask = 2147483647;
			files = (
			);
			runOnlyForDeploymentPostprocessing = 0;
		};
		ED8A71E12FAA3857003F48FF /* Frameworks */ = {
			isa = PBXFrameworksBuildPhase;
			buildActionMask = 2147483647;
			files = (
			);
			runOnlyForDeploymentPostprocessing = 0;
		};
/* End PBXFrameworksBuildPhase section */

/* Begin PBXGroup section */
		ED8A71C02FAA3855003F48FF = {
			isa = PBXGroup;
			children = (
				ED8A71CB2FAA3855003F48FF /* Agenic Load-Balancer */,
				ED8A71DD2FAA3857003F48FF /* Agenic Load-BalancerTests */,
				ED8A71E72FAA3857003F48FF /* Agenic Load-BalancerUITests */,
				ED8A71CA2FAA3855003F48FF /* Products */,
			);
			sourceTree = "<group>";
		};
		ED8A71CA2FAA3855003F48FF /* Products */ = {
			isa = PBXGroup;
			children = (
				ED8A71C92FAA3855003F48FF /* Agenic Load-Balancer.app */,
				ED8A71DA2FAA3857003F48FF /* Agenic Load-BalancerTests.xctest */,
				ED8A71E42FAA3857003F48FF /* Agenic Load-BalancerUITests.xctest */,
			);
			name = Products;
			sourceTree = "<group>";
		};
/* End PBXGroup section */

/* Begin PBXNativeTarget section */
		ED8A71C82FAA3855003F48FF /* Agenic Load-Balancer */ = {
			isa = PBXNativeTarget;
			buildConfigurationList = ED8A71ED2FAA3857003F48FF /* Build configuration list for PBXNativeTarget "Agenic Load-Balancer" */;
			buildPhases = (
				ED8A71C52FAA3855003F48FF /* Sources */,
				ED8A71C62FAA3855003F48FF /* Frameworks */,
				ED8A71C72FAA3855003F48FF /* Resources */,
			);
			buildRules = (
			);
			dependencies = (
			);
			fileSystemSynchronizedGroups = (
				ED8A71CB2FAA3855003F48FF /* Agenic Load-Balancer */,
			);
			name = "Agenic Load-Balancer";
			packageProductDependencies = (
			);
			productName = "Agenic Load-Balancer";
			productReference = ED8A71C92FAA3855003F48FF /* Agenic Load-Balancer.app */;
			productType = "com.apple.product-type.application";
		};
		ED8A71D92FAA3857003F48FF /* Agenic Load-BalancerTests */ = {
			isa = PBXNativeTarget;
			buildConfigurationList = ED8A71F22FAA3857003F48FF /* Build configuration list for PBXNativeTarget "Agenic Load-BalancerTests" */;
			buildPhases = (
				ED8A71D62FAA3857003F48FF /* Sources */,
				ED8A71D72FAA3857003F48FF /* Frameworks */,
				ED8A71D82FAA3857003F48FF /* Resources */,
			);
			buildRules = (
			);
			dependencies = (
				ED8A71DC2FAA3857003F48FF /* PBXTargetDependency */,
			);
			fileSystemSynchronizedGroups = (
				ED8A71DD2FAA3857003F48FF /* Agenic Load-BalancerTests */,
			);
			name = "Agenic Load-BalancerTests";
			packageProductDependencies = (
			);
			productName = "Agenic Load-BalancerTests";
			productReference = ED8A71DA2FAA3857003F48FF /* Agenic Load-BalancerTests.xctest */;
			productType = "com.apple.product-type.bundle.unit-test";
		};
		ED8A71E32FAA3857003F48FF /* Agenic Load-BalancerUITests */ = {
			isa = PBXNativeTarget;
			buildConfigurationList = ED8A71F52FAA3857003F48FF /* Build configuration list for PBXNativeTarget "Agenic Load-BalancerUITests" */;
			buildPhases = (
				ED8A71E02FAA3857003F48FF /* Sources */,
				ED8A71E12FAA3857003F48FF /* Frameworks */,
				ED8A71E22FAA3857003F48FF /* Resources */,
			);
			buildRules = (
			);
			dependencies = (
				ED8A71E62FAA3857003F48FF /* PBXTargetDependency */,
			);
			fileSystemSynchronizedGroups = (
				ED8A71E72FAA3857003F48FF /* Agenic Load-BalancerUITests */,
			);
			name = "Agenic Load-BalancerUITests";
			packageProductDependencies = (
			);
			productName = "Agenic Load-BalancerUITests";
			productReference = ED8A71E42FAA3857003F48FF /* Agenic Load-BalancerUITests.xctest */;
			productType = "com.apple.product-type.bundle.ui-testing";
		};
/* End PBXNativeTarget section */

/* Begin PBXProject section */
		ED8A71C12FAA3855003F48FF /* Project object */ = {
			isa = PBXProject;
			attributes = {
				BuildIndependentTargetsInParallel = 1;
				LastSwiftUpdateCheck = 2640;
				LastUpgradeCheck = 2640;
				TargetAttributes = {
					ED8A71C82FAA3855003F48FF = {
						CreatedOnToolsVersion = 26.4.1;
					};
					ED8A71D92FAA3857003F48FF = {
						CreatedOnToolsVersion = 26.4.1;
						TestTargetID = ED8A71C82FAA3855003F48FF;
					};
					ED8A71E32FAA3857003F48FF = {
						CreatedOnToolsVersion = 26.4.1;
						TestTargetID = ED8A71C82FAA3855003F48FF;
					};
				};
			};
			buildConfigurationList = ED8A71C42FAA3855003F48FF /* Build configuration list for PBXProject "Agenic Load-Balancer" */;
			developmentRegion = en;
			hasScannedForEncodings = 0;
			knownRegions = (
				en,
				Base,
			);
			mainGroup = ED8A71C02FAA3855003F48FF;
			minimizedProjectReferenceProxies = 1;
			preferredProjectObjectVersion = 77;
			productRefGroup = ED8A71CA2FAA3855003F48FF /* Products */;
			projectDirPath = "";
			projectRoot = "";
			targets = (
				ED8A71C82FAA3855003F48FF /* Agenic Load-Balancer */,
				ED8A71D92FAA3857003F48FF /* Agenic Load-BalancerTests */,
				ED8A71E32FAA3857003F48FF /* Agenic Load-BalancerUITests */,
			);
		};
/* End PBXProject section */

/* Begin PBXResourcesBuildPhase section */
		ED8A71C72FAA3855003F48FF /* Resources */ = {
			isa = PBXResourcesBuildPhase;
			buildActionMask = 2147483647;
			files = (
			);
			runOnlyForDeploymentPostprocessing = 0;
		};
		ED8A71D82FAA3857003F48FF /* Resources */ = {
			isa = PBXResourcesBuildPhase;
			buildActionMask = 2147483647;
			files = (
			);
			runOnlyForDeploymentPostprocessing = 0;
		};
		ED8A71E22FAA3857003F48FF /* Resources */ = {
			isa = PBXResourcesBuildPhase;
			buildActionMask = 2147483647;
			files = (
			);
			runOnlyForDeploymentPostprocessing = 0;
		};
/* End PBXResourcesBuildPhase section */

/* Begin PBXSourcesBuildPhase section */
		ED8A71C52FAA3855003F48FF /* Sources */ = {
			isa = PBXSourcesBuildPhase;
			buildActionMask = 2147483647;
			files = (
			);
			runOnlyForDeploymentPostprocessing = 0;
		};
		ED8A71D62FAA3857003F48FF /* Sources */ = {
			isa = PBXSourcesBuildPhase;
			buildActionMask = 2147483647;
			files = (
			);
			runOnlyForDeploymentPostprocessing = 0;
		};
		ED8A71E02FAA3857003F48FF /* Sources */ = {
			isa = PBXSourcesBuildPhase;
			buildActionMask = 2147483647;
			files = (
			);
			runOnlyForDeploymentPostprocessing = 0;
		};
/* End PBXSourcesBuildPhase section */

/* Begin PBXTargetDependency section */
		ED8A71DC2FAA3857003F48FF /* PBXTargetDependency */ = {
			isa = PBXTargetDependency;
			target = ED8A71C82FAA3855003F48FF /* Agenic Load-Balancer */;
			targetProxy = ED8A71DB2FAA3857003F48FF /* PBXContainerItemProxy */;
		};
		ED8A71E62FAA3857003F48FF /* PBXTargetDependency */ = {
			isa = PBXTargetDependency;
			target = ED8A71C82FAA3855003F48FF /* Agenic Load-Balancer */;
			targetProxy = ED8A71E52FAA3857003F48FF /* PBXContainerItemProxy */;
		};
/* End PBXTargetDependency section */

/* Begin XCBuildConfiguration section */
		ED8A71EE2FAA3857003F48FF /* Debug */ = {
			isa = XCBuildConfiguration;
			buildSettings = {
				ASSETCATALOG_COMPILER_APPICON_NAME = AppIcon;
				ASSETCATALOG_COMPILER_GLOBAL_ACCENT_COLOR_NAME = AccentColor;
				ASSETCATALOG_COMPILER_INCLUDE_ALL_APPICON_ASSETS = YES;
				CODE_SIGN_ENTITLEMENTS = "Agenic Load-Balancer/Agenic_Load_Balancer.entitlements";
				CODE_SIGN_STYLE = Automatic;
				CURRENT_PROJECT_VERSION = 1;
				DEVELOPMENT_TEAM = A45694H5ZG;
				ENABLE_APP_SANDBOX = NO;
				ENABLE_HARDENED_RUNTIME = YES;
				ENABLE_PREVIEWS = YES;
				ENABLE_USER_SELECTED_FILES = readwrite;
				GENERATE_INFOPLIST_FILE = YES;
				INFOPLIST_FILE = "Agenic Load-Balancer/Info.plist";
				INFOPLIST_KEY_LSApplicationCategoryType = "public.app-category.developer-tools";
				LD_RUNPATH_SEARCH_PATHS = "@executable_path/Frameworks";
				"LD_RUNPATH_SEARCH_PATHS[sdk=macosx*]" = "@executable_path/../Frameworks";
				MACOSX_DEPLOYMENT_TARGET = 26.4;
				MARKETING_VERSION = 1.0;
				PRODUCT_BUNDLE_IDENTIFIER = "com.zincoverde.Agenic-Load-Balancer";
				PRODUCT_NAME = "$(TARGET_NAME)";
				REGISTER_APP_GROUPS = YES;
				SDKROOT = macosx;
				STRING_CATALOG_GENERATE_SYMBOLS = YES;
				SUPPORTED_PLATFORMS = macosx;
				SWIFT_APPROACHABLE_CONCURRENCY = YES;
				SWIFT_EMIT_LOC_STRINGS = YES;
				SWIFT_STRICT_CONCURRENCY = complete;
				SWIFT_TREAT_WARNINGS_AS_ERRORS = YES;
				SWIFT_UPCOMING_FEATURE_MEMBER_IMPORT_VISIBILITY = YES;
				SWIFT_VERSION = 6.0;
				TARGETED_DEVICE_FAMILY = 7;
			};
			name = Debug;
		};
		ED8A71EF2FAA3857003F48FF /* Release */ = {
			isa = XCBuildConfiguration;
			buildSettings = {
				ASSETCATALOG_COMPILER_APPICON_NAME = AppIcon;
				ASSETCATALOG_COMPILER_GLOBAL_ACCENT_COLOR_NAME = AccentColor;
				ASSETCATALOG_COMPILER_INCLUDE_ALL_APPICON_ASSETS = YES;
				CODE_SIGN_ENTITLEMENTS = "Agenic Load-Balancer/Agenic_Load_Balancer.entitlements";
				CODE_SIGN_STYLE = Automatic;
				CURRENT_PROJECT_VERSION = 1;
				DEVELOPMENT_TEAM = A45694H5ZG;
				ENABLE_APP_SANDBOX = NO;
				ENABLE_HARDENED_RUNTIME = YES;
				ENABLE_PREVIEWS = YES;
				ENABLE_USER_SELECTED_FILES = readwrite;
				GENERATE_INFOPLIST_FILE = YES;
				INFOPLIST_FILE = "Agenic Load-Balancer/Info.plist";
				INFOPLIST_KEY_LSApplicationCategoryType = "public.app-category.developer-tools";
				LD_RUNPATH_SEARCH_PATHS = "@executable_path/Frameworks";
				"LD_RUNPATH_SEARCH_PATHS[sdk=macosx*]" = "@executable_path/../Frameworks";
				MACOSX_DEPLOYMENT_TARGET = 26.4;
				MARKETING_VERSION = 1.0;
				PRODUCT_BUNDLE_IDENTIFIER = "com.zincoverde.Agenic-Load-Balancer";
				PRODUCT_NAME = "$(TARGET_NAME)";
				REGISTER_APP_GROUPS = YES;
				SDKROOT = macosx;
				STRING_CATALOG_GENERATE_SYMBOLS = YES;
				SUPPORTED_PLATFORMS = macosx;
				SWIFT_APPROACHABLE_CONCURRENCY = YES;
				SWIFT_EMIT_LOC_STRINGS = YES;
				SWIFT_STRICT_CONCURRENCY = complete;
				SWIFT_TREAT_WARNINGS_AS_ERRORS = YES;
				SWIFT_UPCOMING_FEATURE_MEMBER_IMPORT_VISIBILITY = YES;
				SWIFT_VERSION = 6.0;
				TARGETED_DEVICE_FAMILY = 7;
			};
			name = Release;
		};
		ED8A71F02FAA3857003F48FF /* Debug */ = {
			isa = XCBuildConfiguration;
			buildSettings = {
				ALWAYS_SEARCH_USER_PATHS = NO;
				ASSETCATALOG_COMPILER_GENERATE_SWIFT_ASSET_SYMBOL_EXTENSIONS = YES;
				CLANG_ANALYZER_NONNULL = YES;
				CLANG_ANALYZER_NUMBER_OBJECT_CONVERSION = YES_AGGRESSIVE;
				CLANG_CXX_LANGUAGE_STANDARD = "gnu++20";
				CLANG_ENABLE_MODULES = YES;
				CLANG_ENABLE_OBJC_ARC = YES;
				CLANG_ENABLE_OBJC_WEAK = YES;
				CLANG_WARN_BLOCK_CAPTURE_AUTORELEASING = YES;
				CLANG_WARN_BOOL_CONVERSION = YES;
				CLANG_WARN_COMMA = YES;
				CLANG_WARN_CONSTANT_CONVERSION = YES;
				CLANG_WARN_DEPRECATED_OBJC_IMPLEMENTATIONS = YES;
				CLANG_WARN_DIRECT_OBJC_ISA_USAGE = YES_ERROR;
				CLANG_WARN_DOCUMENTATION_COMMENTS = YES;
				CLANG_WARN_EMPTY_BODY = YES;
				CLANG_WARN_ENUM_CONVERSION = YES;
				CLANG_WARN_INFINITE_RECURSION = YES;
				CLANG_WARN_INT_CONVERSION = YES;
				CLANG_WARN_NON_LITERAL_NULL_CONVERSION = YES;
				CLANG_WARN_OBJC_IMPLICIT_RETAIN_SELF = YES;
				CLANG_WARN_OBJC_LITERAL_CONVERSION = YES;
				CLANG_WARN_OBJC_ROOT_CLASS = YES_ERROR;
				CLANG_WARN_QUOTED_INCLUDE_IN_FRAMEWORK_HEADER = YES;
				CLANG_WARN_RANGE_LOOP_ANALYSIS = YES;
				CLANG_WARN_STRICT_PROTOTYPES = YES;
				CLANG_WARN_SUSPICIOUS_MOVE = YES;
				CLANG_WARN_UNGUARDED_AVAILABILITY = YES_AGGRESSIVE;
				CLANG_WARN_UNREACHABLE_CODE = YES;
				CLANG_WARN__DUPLICATE_METHOD_MATCH = YES;
				COPY_PHASE_STRIP = NO;
				DEBUG_INFORMATION_FORMAT = dwarf;
				DEVELOPMENT_TEAM = A45694H5ZG;
				ENABLE_STRICT_OBJC_MSGSEND = YES;
				ENABLE_TESTABILITY = YES;
				ENABLE_USER_SCRIPT_SANDBOXING = YES;
				GCC_C_LANGUAGE_STANDARD = gnu17;
				GCC_DYNAMIC_NO_PIC = NO;
				GCC_NO_COMMON_BLOCKS = YES;
				GCC_OPTIMIZATION_LEVEL = 0;
				GCC_PREPROCESSOR_DEFINITIONS = (
					"DEBUG=1",
					"$(inherited)",
				);
				GCC_WARN_64_TO_32_BIT_CONVERSION = YES;
				GCC_WARN_ABOUT_RETURN_TYPE = YES_ERROR;
				GCC_WARN_UNDECLARED_SELECTOR = YES;
				GCC_WARN_UNINITIALIZED_AUTOS = YES_AGGRESSIVE;
				GCC_WARN_UNUSED_FUNCTION = YES;
				GCC_WARN_UNUSED_VARIABLE = YES;
				LOCALIZATION_PREFERS_STRING_CATALOGS = YES;
				MTL_ENABLE_DEBUG_INFO = INCLUDE_SOURCE;
				MTL_FAST_MATH = YES;
				ONLY_ACTIVE_ARCH = YES;
				SWIFT_ACTIVE_COMPILATION_CONDITIONS = "DEBUG $(inherited)";
				SWIFT_OPTIMIZATION_LEVEL = "-Onone";
			};
			name = Debug;
		};
		ED8A71F12FAA3857003F48FF /* Release */ = {
			isa = XCBuildConfiguration;
			buildSettings = {
				ALWAYS_SEARCH_USER_PATHS = NO;
				ASSETCATALOG_COMPILER_GENERATE_SWIFT_ASSET_SYMBOL_EXTENSIONS = YES;
				CLANG_ANALYZER_NONNULL = YES;
				CLANG_ANALYZER_NUMBER_OBJECT_CONVERSION = YES_AGGRESSIVE;
				CLANG_CXX_LANGUAGE_STANDARD = "gnu++20";
				CLANG_ENABLE_MODULES = YES;
				CLANG_ENABLE_OBJC_ARC = YES;
				CLANG_ENABLE_OBJC_WEAK = YES;
				CLANG_WARN_BLOCK_CAPTURE_AUTORELEASING = YES;
				CLANG_WARN_BOOL_CONVERSION = YES;
				CLANG_WARN_COMMA = YES;
				CLANG_WARN_CONSTANT_CONVERSION = YES;
				CLANG_WARN_DEPRECATED_OBJC_IMPLEMENTATIONS = YES;
				CLANG_WARN_DIRECT_OBJC_ISA_USAGE = YES_ERROR;
				CLANG_WARN_DOCUMENTATION_COMMENTS = YES;
				CLANG_WARN_EMPTY_BODY = YES;
				CLANG_WARN_ENUM_CONVERSION = YES;
				CLANG_WARN_INFINITE_RECURSION = YES;
				CLANG_WARN_INT_CONVERSION = YES;
				CLANG_WARN_NON_LITERAL_NULL_CONVERSION = YES;
				CLANG_WARN_OBJC_IMPLICIT_RETAIN_SELF = YES;
				CLANG_WARN_OBJC_LITERAL_CONVERSION = YES;
				CLANG_WARN_OBJC_ROOT_CLASS = YES_ERROR;
				CLANG_WARN_QUOTED_INCLUDE_IN_FRAMEWORK_HEADER = YES;
				CLANG_WARN_RANGE_LOOP_ANALYSIS = YES;
				CLANG_WARN_STRICT_PROTOTYPES = YES;
				CLANG_WARN_SUSPICIOUS_MOVE = YES;
				CLANG_WARN_UNGUARDED_AVAILABILITY = YES_AGGRESSIVE;
				CLANG_WARN_UNREACHABLE_CODE = YES;
				CLANG_WARN__DUPLICATE_METHOD_MATCH = YES;
				COPY_PHASE_STRIP = NO;
				DEBUG_INFORMATION_FORMAT = "dwarf-with-dsym";
				DEVELOPMENT_TEAM = A45694H5ZG;
				ENABLE_NS_ASSERTIONS = NO;
				ENABLE_STRICT_OBJC_MSGSEND = YES;
				ENABLE_USER_SCRIPT_SANDBOXING = YES;
				GCC_C_LANGUAGE_STANDARD = gnu17;
				GCC_NO_COMMON_BLOCKS = YES;
				GCC_WARN_64_TO_32_BIT_CONVERSION = YES;
				GCC_WARN_ABOUT_RETURN_TYPE = YES_ERROR;
				GCC_WARN_UNDECLARED_SELECTOR = YES;
				GCC_WARN_UNINITIALIZED_AUTOS = YES_AGGRESSIVE;
				GCC_WARN_UNUSED_FUNCTION = YES;
				GCC_WARN_UNUSED_VARIABLE = YES;
				LOCALIZATION_PREFERS_STRING_CATALOGS = YES;
				MTL_ENABLE_DEBUG_INFO = NO;
				MTL_FAST_MATH = YES;
				SWIFT_COMPILATION_MODE = wholemodule;
			};
			name = Release;
		};
		ED8A71F32FAA3857003F48FF /* Debug */ = {
			isa = XCBuildConfiguration;
			buildSettings = {
				BUNDLE_LOADER = "$(TEST_HOST)";
				CODE_SIGN_STYLE = Automatic;
				CURRENT_PROJECT_VERSION = 1;
				DEVELOPMENT_TEAM = A45694H5ZG;
				GENERATE_INFOPLIST_FILE = YES;
				MACOSX_DEPLOYMENT_TARGET = 26.4;
				MARKETING_VERSION = 1.0;
				PRODUCT_BUNDLE_IDENTIFIER = "com.zincoverde.Agenic-Load-BalancerTests";
				PRODUCT_NAME = "$(TARGET_NAME)";
				SDKROOT = macosx;
				STRING_CATALOG_GENERATE_SYMBOLS = NO;
				SUPPORTED_PLATFORMS = macosx;
				SWIFT_APPROACHABLE_CONCURRENCY = YES;
				SWIFT_EMIT_LOC_STRINGS = NO;
				SWIFT_STRICT_CONCURRENCY = complete;
				SWIFT_TREAT_WARNINGS_AS_ERRORS = YES;
				SWIFT_UPCOMING_FEATURE_MEMBER_IMPORT_VISIBILITY = YES;
				SWIFT_VERSION = 6.0;
				TARGETED_DEVICE_FAMILY = 7;
				TEST_HOST = "$(BUILT_PRODUCTS_DIR)/Agenic Load-Balancer.app/$(BUNDLE_EXECUTABLE_FOLDER_PATH)/Agenic Load-Balancer";
			};
			name = Debug;
		};
		ED8A71F42FAA3857003F48FF /* Release */ = {
			isa = XCBuildConfiguration;
			buildSettings = {
				BUNDLE_LOADER = "$(TEST_HOST)";
				CODE_SIGN_STYLE = Automatic;
				CURRENT_PROJECT_VERSION = 1;
				DEVELOPMENT_TEAM = A45694H5ZG;
				GENERATE_INFOPLIST_FILE = YES;
				MACOSX_DEPLOYMENT_TARGET = 26.4;
				MARKETING_VERSION = 1.0;
				PRODUCT_BUNDLE_IDENTIFIER = "com.zincoverde.Agenic-Load-BalancerTests";
				PRODUCT_NAME = "$(TARGET_NAME)";
				SDKROOT = macosx;
				STRING_CATALOG_GENERATE_SYMBOLS = NO;
				SUPPORTED_PLATFORMS = macosx;
				SWIFT_APPROACHABLE_CONCURRENCY = YES;
				SWIFT_EMIT_LOC_STRINGS = NO;
				SWIFT_STRICT_CONCURRENCY = complete;
				SWIFT_TREAT_WARNINGS_AS_ERRORS = YES;
				SWIFT_UPCOMING_FEATURE_MEMBER_IMPORT_VISIBILITY = YES;
				SWIFT_VERSION = 6.0;
				TARGETED_DEVICE_FAMILY = 7;
				TEST_HOST = "$(BUILT_PRODUCTS_DIR)/Agenic Load-Balancer.app/$(BUNDLE_EXECUTABLE_FOLDER_PATH)/Agenic Load-Balancer";
			};
			name = Release;
		};
		ED8A71F62FAA3857003F48FF /* Debug */ = {
			isa = XCBuildConfiguration;
			buildSettings = {
				CODE_SIGN_STYLE = Automatic;
				CURRENT_PROJECT_VERSION = 1;
				DEVELOPMENT_TEAM = A45694H5ZG;
				GENERATE_INFOPLIST_FILE = YES;
				MACOSX_DEPLOYMENT_TARGET = 26.4;
				MARKETING_VERSION = 1.0;
				PRODUCT_BUNDLE_IDENTIFIER = "com.zincoverde.Agenic-Load-BalancerUITests";
				PRODUCT_NAME = "$(TARGET_NAME)";
				SDKROOT = macosx;
				STRING_CATALOG_GENERATE_SYMBOLS = NO;
				SUPPORTED_PLATFORMS = macosx;
				SWIFT_APPROACHABLE_CONCURRENCY = YES;
				SWIFT_EMIT_LOC_STRINGS = NO;
				SWIFT_STRICT_CONCURRENCY = complete;
				SWIFT_TREAT_WARNINGS_AS_ERRORS = YES;
				SWIFT_UPCOMING_FEATURE_MEMBER_IMPORT_VISIBILITY = YES;
				SWIFT_VERSION = 6.0;
				TARGETED_DEVICE_FAMILY = 7;
				TEST_TARGET_NAME = "Agenic Load-Balancer";
			};
			name = Debug;
		};
		ED8A71F72FAA3857003F48FF /* Release */ = {
			isa = XCBuildConfiguration;
			buildSettings = {
				CODE_SIGN_STYLE = Automatic;
				CURRENT_PROJECT_VERSION = 1;
				DEVELOPMENT_TEAM = A45694H5ZG;
				GENERATE_INFOPLIST_FILE = YES;
				MACOSX_DEPLOYMENT_TARGET = 26.4;
				MARKETING_VERSION = 1.0;
				PRODUCT_BUNDLE_IDENTIFIER = "com.zincoverde.Agenic-Load-BalancerUITests";
				PRODUCT_NAME = "$(TARGET_NAME)";
				SDKROOT = macosx;
				STRING_CATALOG_GENERATE_SYMBOLS = NO;
				SUPPORTED_PLATFORMS = macosx;
				SWIFT_APPROACHABLE_CONCURRENCY = YES;
				SWIFT_EMIT_LOC_STRINGS = NO;
				SWIFT_STRICT_CONCURRENCY = complete;
				SWIFT_TREAT_WARNINGS_AS_ERRORS = YES;
				SWIFT_UPCOMING_FEATURE_MEMBER_IMPORT_VISIBILITY = YES;
				SWIFT_VERSION = 6.0;
				TARGETED_DEVICE_FAMILY = 7;
				TEST_TARGET_NAME = "Agenic Load-Balancer";
			};
			name = Release;
		};
/* End XCBuildConfiguration section */

/* Begin XCConfigurationList section */
		ED8A71C42FAA3855003F48FF /* Build configuration list for PBXProject "Agenic Load-Balancer" */ = {
			isa = XCConfigurationList;
			buildConfigurations = (
				ED8A71F02FAA3857003F48FF /* Debug */,
				ED8A71F12FAA3857003F48FF /* Release */,
			);
			defaultConfigurationIsVisible = 0;
			defaultConfigurationName = Release;
		};
		ED8A71ED2FAA3857003F48FF /* Build configuration list for PBXNativeTarget "Agenic Load-Balancer" */ = {
			isa = XCConfigurationList;
			buildConfigurations = (
				ED8A71EE2FAA3857003F48FF /* Debug */,
				ED8A71EF2FAA3857003F48FF /* Release */,
			);
			defaultConfigurationIsVisible = 0;
			defaultConfigurationName = Release;
		};
		ED8A71F22FAA3857003F48FF /* Build configuration list for PBXNativeTarget "Agenic Load-BalancerTests" */ = {
			isa = XCConfigurationList;
			buildConfigurations = (
				ED8A71F32FAA3857003F48FF /* Debug */,
				ED8A71F42FAA3857003F48FF /* Release */,
			);
			defaultConfigurationIsVisible = 0;
			defaultConfigurationName = Release;
		};
		ED8A71F52FAA3857003F48FF /* Build configuration list for PBXNativeTarget "Agenic Load-BalancerUITests" */ = {
			isa = XCConfigurationList;
			buildConfigurations = (
				ED8A71F62FAA3857003F48FF /* Debug */,
				ED8A71F72FAA3857003F48FF /* Release */,
			);
			defaultConfigurationIsVisible = 0;
			defaultConfigurationName = Release;
		};
/* End XCConfigurationList section */
	};
	rootObject = ED8A71C12FAA3855003F48FF /* Project object */;
}
